
Microsoft Visual Studio Solution File, Format Version 12.00
# Visual Studio Version 16
VisualStudioVersion = 16.0.30114.105
MinimumVisualStudioVersion = 10.0.40219.1
Project("{FAE04EC0-301F-11D3-BF4B-00C04F79EFBC}") = "Console", "Console\Console.csproj", "{C71446F6-75B7-4A8A-84B6-B9D85383BC3B}"
EndProject
Project("{FAE04EC0-301F-11D3-BF4B-00C04F79EFBC}") = "AppDomain", "AppDomain\AppDomain.csproj", "{AF77C797-0AAB-4A27-ABC0-52019E5423DE}"
EndProject
Project("{FAE04EC0-301F-11D3-BF4B-00C04F79EFBC}") = "Repositorio", "Repositorio\Repositorio.csproj", "{7A55B9C4-E742-4FDA-AF7A-7A5ACA3ABA73}"
EndProject
Global
	GlobalSection(SolutionConfigurationPlatforms) = preSolution
		Debug|Any CPU = Debug|Any CPU
		Debug|x64 = Debug|x64
		Debug|x86 = Debug|x86
		Release|Any CPU = Release|Any CPU
		Release|x64 = Release|x64
		Release|x86 = Release|x86
	EndGlobalSection
	GlobalSection(SolutionProperties) = preSolution
		HideSolutionNode = FALSE
	EndGlobalSection
	GlobalSection(ProjectConfigurationPlatforms) = postSolution
		{C71446F6-75B7-4A8A-84B6-B9D85383BC3B}.Debug|Any CPU.ActiveCfg = Debug|Any CPU
		{C71446F6-75B7-4A8A-84B6-B9D85383BC3B}.Debug|Any CPU.Build.0 = Debug|Any CPU
		{C71446F6-75B7-4A8A-84B6-B9D85383BC3B}.Debug|x64.ActiveCfg = Debug|Any CPU
		{C71446F6-75B7-4A8A-84B6-B9D85383BC3B}.Debug|x64.Build.0 = Debug|Any CPU
		{C71446F6-75B7-4A8A-84B6-B9D85383BC3B}.Debug|x86.ActiveCfg = Debug|Any CPU
		{C71446F6-75B7-4A8A-84B6-B9D85383BC3B}.Debug|x86.Build.0 = Debug|Any CPU
		{C71446F6-75B7-4A8A-84B6-B9D85383BC3B}.Release|Any CPU.ActiveCfg = Release|Any CPU
		{C71446F6-75B7-4A8A-84B6-B9D85383BC3B}.Release|Any CPU.Build.0 = Release|Any CPU
		{C71446F6-75B7-4A8A-84B6-B9D85383BC3B}.Release|x64.ActiveCfg = Release|Any CPU
		{C71446F6-75B7-4A8A-84B6-B9D85383BC3B}.Release|x64.Build.0 = Release|Any CPU
		{C71446F6-75B7-4A8A-84B6-B9D85383BC3B}.Release|x86.ActiveCfg = Release|Any CPU
		{C71446F6-75B7-4A8A-84B6-B9D85383BC3B}.Release|x86.Build.0 = Release|Any CPU
		{AF77C797-0AAB-4A27-ABC0-52019E5423DE}.Debug|Any CPU.ActiveCfg = Debug|Any CPU
		{AF77C797-0AAB-4A27-ABC0-52019E5423DE}.Debug|Any CPU.Build.0 = Debug|Any CPU
		{AF77C797-0AAB-4A27-ABC0-52019E5423DE}.Debug|x64.ActiveCfg = Debug|Any CPU
		{AF77C797-0AAB-4A27-ABC0-52019E5423DE}.Debug|x64.Build.0 = Debug|Any CPU
		{AF77C797-0AAB-4A27-ABC0-52019E5423DE}.Debug|x86.ActiveCfg = Debug|Any CPU
		{AF77C797-0AAB-4A27-ABC0-52019E5423DE}.Debug|x86.Build.0 = Debug|Any CPU
		{AF77C797-0AAB-4A27-ABC0-52019E5423DE}.Release|Any CPU.ActiveCfg = Release|Any CPU
		{AF77C797-0AAB-4A27-ABC0-52019E5423DE}.Release|Any CPU.Build.0 = Release|Any CPU
		{AF77C797-0AAB-4A27-ABC0-52019E5423DE}.Release|x64.ActiveCfg = Release|Any CPU
		{AF77C797-0AAB-4A27-ABC0-52019E5423DE}.Release|x64.Build.0 = Release|Any CPU
		{AF77C797-0AAB-4A27-ABC0-52019E5423DE}.Release|x86.ActiveCfg = Release|Any CPU
		{AF77C797-0AAB-4A27-ABC0-52019E5423DE}.Release|x86.Build.0 = Release|Any CPU
		{7A55B9C4-E742-4FDA-AF7A-7A5ACA3ABA73}.Debug|Any CPU.ActiveCfg = Debug|Any CPU
		{7A55B9C4-E742-4FDA-AF7A-7A5ACA3ABA73}.Debug|Any CPU.Build.0 = Debug|Any CPU
		{7A55B9C4-E742-4FDA-AF7A-7A5ACA3ABA73}.Debug|x64.ActiveCfg = Debug|Any CPU
		{7A55B9C4-E742-4FDA-AF7A-7A5ACA3ABA73}.Debug|x64.Build.0 = Debug|Any CPU
		{7A55B9C4-E742-4FDA-AF7A-7A5ACA3ABA73}.Debug|x86.ActiveCfg = Debug|Any CPU
		{7A55B9C4-E742-4FDA-AF7A-7A5ACA3ABA73}.Debug|x86.Build.0 = Debug|Any CPU
		{7A55B9C4-E742-4FDA-AF7A-7A5ACA3ABA73}.Release|Any CPU.ActiveCfg = Release|Any CPU
		{7A55B9C4-E742-4FDA-AF7A-7A5ACA3ABA73}.Release|Any CPU.Build.0 = Release|Any CPU
		{7A55B9C4-E742-4FDA-AF7A-7A5ACA3ABA73}.Release|x64.ActiveCfg = Release|Any CPU
		{7A55B9C4-E742-4FDA-AF7A-7A5ACA3ABA73}.Release|x64.Build.0 = Release|Any CPU
		{7A55B9C4-E742-4FDA-AF7A-7A5ACA3ABA73}.Release|x86.ActiveCfg = Release|Any CPU
		{7A55B9C4-E742-4FDA-AF7A-7A5ACA3ABA73}.Release|x86.Build.0 = Release|Any CPU
	EndGlobalSection
EndGlobal
